
Microsoft Visual Studio Solution File, Format Version 12.00
# Visual Studio Version 17
VisualStudioVersion = 17.8.34330.188
MinimumVisualStudioVersion = 10.0.40219.1
Project("{FAE04EC0-301F-11D3-BF4B-00C04F79EFBC}") = "PrimitiveExtensions", "PrimitiveExtensions.csproj", "{1F4C7DB5-C80E-45F7-A6FF-10D8A4D9C2C7}"
EndProject
Project("{FAE04EC0-301F-11D3-BF4B-00C04F79EFBC}") = "PrimitiveExtensions.Test", "..\PrimitiveExtensions.Test\PrimitiveExtensions.Test.csproj", "{147ADC4E-D06E-442A-A969-F0830036A590}"
EndProject
Global
	GlobalSection(SolutionConfigurationPlatforms) = preSolution
		Debug|Any CPU = Debug|Any CPU
		Release|Any CPU = Release|Any CPU
	EndGlobalSection
	GlobalSection(ProjectConfigurationPlatforms) = postSolution
		{1F4C7DB5-C80E-45F7-A6FF-10D8A4D9C2C7}.Debug|Any CPU.ActiveCfg = Debug|Any CPU
		{1F4C7DB5-C80E-45F7-A6FF-10D8A4D9C2C7}.Debug|Any CPU.Build.0 = Debug|Any CPU
		{1F4C7DB5-C80E-45F7-A6FF-10D8A4D9C2C7}.Release|Any CPU.ActiveCfg = Release|Any CPU
		{1F4C7DB5-C80E-45F7-A6FF-10D8A4D9C2C7}.Release|Any CPU.Build.0 = Release|Any CPU
		{147ADC4E-D06E-442A-A969-F0830036A590}.Debug|Any CPU.ActiveCfg = Debug|Any CPU
		{147ADC4E-D06E-442A-A969-F0830036A590}.Debug|Any CPU.Build.0 = Debug|Any CPU
		{147ADC4E-D06E-442A-A969-F0830036A590}.Release|Any CPU.ActiveCfg = Release|Any CPU
		{147ADC4E-D06E-442A-A969-F0830036A590}.Release|Any CPU.Build.0 = Release|Any CPU
	EndGlobalSection
	GlobalSection(SolutionProperties) = preSolution
		HideSolutionNode = FALSE
	EndGlobalSection
	GlobalSection(ExtensibilityGlobals) = postSolution
		SolutionGuid = {89176043-8DBB-40F2-93C0-083E20E6EC8D}
	EndGlobalSection
EndGlobal
